
Microsoft Visual Studio Solution File, Format Version 12.00
# Visual Studio Version 17
VisualStudioVersion = 17.5.002.0
MinimumVisualStudioVersion = 10.0.40219.1
Project("{9A19103F-16F7-4668-BE54-9A1E7A4F7556}") = "LivrosApi", "LivrosApi.csproj", "{089991C0-CCF4-4E4E-884D-553EDF6AE81D}"
EndProject
Global
	GlobalSection(SolutionConfigurationPlatforms) = preSolution
		Debug|Any CPU = Debug|Any CPU
		Release|Any CPU = Release|Any CPU
	EndGlobalSection
	GlobalSection(ProjectConfigurationPlatforms) = postSolution
		{089991C0-CCF4-4E4E-884D-553EDF6AE81D}.Debug|Any CPU.ActiveCfg = Debug|Any CPU
		{089991C0-CCF4-4E4E-884D-553EDF6AE81D}.Debug|Any CPU.Build.0 = Debug|Any CPU
		{089991C0-CCF4-4E4E-884D-553EDF6AE81D}.Release|Any CPU.ActiveCfg = Release|Any CPU
		{089991C0-CCF4-4E4E-884D-553EDF6AE81D}.Release|Any CPU.Build.0 = Release|Any CPU
	EndGlobalSection
	GlobalSection(SolutionProperties) = preSolution
		HideSolutionNode = FALSE
	EndGlobalSection
	GlobalSection(ExtensibilityGlobals) = postSolution
		SolutionGuid = {4FAED32F-E51B-41C5-86F5-7F9095F6B612}
	EndGlobalSection
EndGlobal
